
Microsoft Visual Studio Solution File, Format Version 12.00
# Visual Studio Version 17
VisualStudioVersion = 17.3.32929.385
MinimumVisualStudioVersion = 10.0.40219.1
Project("{9A19103F-16F7-4668-BE54-9A1E7A4F7556}") = "TestowanieWebApi", "TestowanieWebApi.csproj", "{D56E4C78-5B69-48D4-83C4-ABE04BD42ED4}"
EndProject
Project("{FAE04EC0-301F-11D3-BF4B-00C04F79EFBC}") = "Testowanie", "..\Testowanie\Testowanie.csproj", "{0B4AEEB0-EABB-46AE-BCF3-4C536BE19AF2}"
EndProject
Global
	GlobalSection(SolutionConfigurationPlatforms) = preSolution
		Debug|Any CPU = Debug|Any CPU
		Release|Any CPU = Release|Any CPU
	EndGlobalSection
	GlobalSection(ProjectConfigurationPlatforms) = postSolution
		{D56E4C78-5B69-48D4-83C4-ABE04BD42ED4}.Debug|Any CPU.ActiveCfg = Debug|Any CPU
		{D56E4C78-5B69-48D4-83C4-ABE04BD42ED4}.Debug|Any CPU.Build.0 = Debug|Any CPU
		{D56E4C78-5B69-48D4-83C4-ABE04BD42ED4}.Release|Any CPU.ActiveCfg = Release|Any CPU
		{D56E4C78-5B69-48D4-83C4-ABE04BD42ED4}.Release|Any CPU.Build.0 = Release|Any CPU
		{0B4AEEB0-EABB-46AE-BCF3-4C536BE19AF2}.Debug|Any CPU.ActiveCfg = Debug|Any CPU
		{0B4AEEB0-EABB-46AE-BCF3-4C536BE19AF2}.Debug|Any CPU.Build.0 = Debug|Any CPU
		{0B4AEEB0-EABB-46AE-BCF3-4C536BE19AF2}.Release|Any CPU.ActiveCfg = Release|Any CPU
		{0B4AEEB0-EABB-46AE-BCF3-4C536BE19AF2}.Release|Any CPU.Build.0 = Release|Any CPU
	EndGlobalSection
	GlobalSection(SolutionProperties) = preSolution
		HideSolutionNode = FALSE
	EndGlobalSection
	GlobalSection(ExtensibilityGlobals) = postSolution
		SolutionGuid = {5B26A106-3409-40B9-803F-909E2C98EEFC}
	EndGlobalSection
EndGlobal
